// !$*UTF8*$!
{
	archiveVersion = 1;
	classes = {
	};
	objectVersion = 46;
	objects = {

/* Begin PBXBuildFile section */
		0922EB7C19F8AFAE005EA7C3 /* SlotBrain.swift in Sources */ = {isa = PBXBuildFile; fileRef = 0922EB7B19F8AFAE005EA7C3 /* SlotBrain.swift */; };
		093DD2CD19F4D6C1008E147E /* Slot.swift in Sources */ = {isa = PBXBuildFile; fileRef = 093DD2CC19F4D6C1008E147E /* Slot.swift */; };
		093DD2CF19F4D71C008E147E /* Factory.swift in Sources */ = {isa = PBXBuildFile; fileRef = 093DD2CE19F4D71C008E147E /* Factory.swift */; };
		09F2568419F45959005E7858 /* AppDelegate.swift in Sources */ = {isa = PBXBuildFile; fileRef = 09F2568319F45959005E7858 /* AppDelegate.swift */; };
		09F2568619F45959005E7858 /* ViewController.swift in Sources */ = {isa = PBXBuildFile; fileRef = 09F2568519F45959005E7858 /* ViewController.swift */; };
		09F2568919F45959005E7858 /* Main.storyboard in Resources */ = {isa = PBXBuildFile; fileRef = 09F2568719F45959005E7858 /* Main.storyboard */; };
		09F2568B19F45959005E7858 /* Images.xcassets in Resources */ = {isa = PBXBuildFile; fileRef = 09F2568A19F45959005E7858 /* Images.xcassets */; };
		09F2568E19F45959005E7858 /* LaunchScreen.xib in Resources */ = {isa = PBXBuildFile; fileRef = 09F2568C19F45959005E7858 /* LaunchScreen.xib */; };
		09F2569A19F4595A005E7858 /* SlotMachineTests.swift in Sources */ = {isa = PBXBuildFile; fileRef = 09F2569919F4595A005E7858 /* SlotMachineTests.swift */; };
/* End PBXBuildFile section */

/* Begin PBXContainerItemProxy section */
		09F2569419F4595A005E7858 /* PBXContainerItemProxy */ = {
			isa = PBXContainerItemProxy;
			containerPortal = 09F2567619F45959005E7858 /* Project object */;
			proxyType = 1;
			remoteGlobalIDString = 09F2567D19F45959005E7858;
			remoteInfo = SlotMachine;
		};
/* End PBXContainerItemProxy section */

/* Begin PBXFileReference section */
		0922EB7B19F8AFAE005EA7C3 /* SlotBrain.swift */ = {isa = PBXFileReference; fileEncoding = 4; lastKnownFileType = sourcecode.swift; path = SlotBrain.swift; sourceTree = "<group>"; };
		093DD2CC19F4D6C1008E147E /* Slot.swift */ = {isa = PBXFileReference; fileEncoding = 4; lastKnownFileType = sourcecode.swift; path = Slot.swift; sourceTree = "<group>"; };
		093DD2CE19F4D71C008E147E /* Factory.swift */ = {isa = PBXFileReference; fileEncoding = 4; lastKnownFileType = sourcecode.swift; path = Factory.swift; sourceTree = "<group>"; };
		09F2567E19F45959005E7858 /* SlotMachine.app */ = {isa = PBXFileReference; explicitFileType = wrapper.application; includeInIndex = 0; path = SlotMachine.app; sourceTree = BUILT_PRODUCTS_DIR; };
		09F2568219F45959005E7858 /* Info.plist */ = {isa = PBXFileReference; lastKnownFileType = text.plist.xml; path = Info.plist; sourceTree = "<group>"; };
		09F2568319F45959005E7858 /* AppDelegate.swift */ = {isa = PBXFileReference; lastKnownFileType = sourcecode.swift; path = AppDelegate.swift; sourceTree = "<group>"; };
		09F2568519F45959005E7858 /* ViewController.swift */ = {isa = PBXFileReference; lastKnownFileType = sourcecode.swift; path = ViewController.swift; sourceTree = "<group>"; };
		09F2568819F45959005E7858 /* Base */ = {isa = PBXFileReference; lastKnownFileType = file.storyboard; name = Base; path = Base.lproj/Main.storyboard; sourceTree = "<group>"; };
		09F2568A19F45959005E7858 /* Images.xcassets */ = {isa = PBXFileReference; lastKnownFileType = folder.assetcatalog; path = Images.xcassets; sourceTree = "<group>"; };
		09F2568D19F45959005E7858 /* Base */ = {isa = PBXFileReference; lastKnownFileType = file.xib; name = Base; path = Base.lproj/LaunchScreen.xib; sourceTree = "<group>"; };
		09F2569319F4595A005E7858 /* SlotMachineTests.xctest */ = {isa = PBXFileReference; explicitFileType = wrapper.cfbundle; includeInIndex = 0; path = SlotMachineTests.xctest; sourceTree = BUILT_PRODUCTS_DIR; };
		09F2569819F4595A005E7858 /* Info.plist */ = {isa = PBXFileReference; lastKnownFileType = text.plist.xml; path = Info.plist; sourceTree = "<group>"; };
		09F2569919F4595A005E7858 /* SlotMachineTests.swift */ = {isa = PBXFileReference; lastKnownFileType = sourcecode.swift; path = SlotMachineTests.swift; sourceTree = "<group>"; };
/* End PBXFileReference section */

/* Begin PBXFrameworksBuildPhase section */
		09F2567B19F45959005E7858 /* Frameworks */ = {
			isa = PBXFrameworksBuildPhase;
			buildActionMask = 2147483647;
			files = (
			);
			runOnlyForDeploymentPostprocessing = 0;
		};
		09F2569019F4595A005E7858 /* Frameworks */ = {
			isa = PBXFrameworksBuildPhase;
			buildActionMask = 2147483647;
			files = (
			);
			runOnlyForDeploymentPostprocessing = 0;
		};
/* End PBXFrameworksBuildPhase section */

/* Begin PBXGroup section */
		09F2567519F45959005E7858 = {
			isa = PBXGroup;
			children = (
				09F2568019F45959005E7858 /* SlotMachine */,
				09F2569619F4595A005E7858 /* SlotMachineTests */,
				09F2567F19F45959005E7858 /* Products */,
			);
			sourceTree = "<group>";
		};
		09F2567F19F45959005E7858 /* Products */ = {
			isa = PBXGroup;
			children = (
				09F2567E19F45959005E7858 /* SlotMachine.app */,
				09F2569319F4595A005E7858 /* SlotMachineTests.xctest */,
			);
			name = Products;
			sourceTree = "<group>";
		};
		09F2568019F45959005E7858 /* SlotMachine */ = {
			isa = PBXGroup;
			children = (
				09F2568319F45959005E7858 /* AppDelegate.swift */,
				09F2568519F45959005E7858 /* ViewController.swift */,
				0922EB7B19F8AFAE005EA7C3 /* SlotBrain.swift */,
				093DD2CC19F4D6C1008E147E /* Slot.swift */,
				093DD2CE19F4D71C008E147E /* Factory.swift */,
				09F2568719F45959005E7858 /* Main.storyboard */,
				09F2568A19F45959005E7858 /* Images.xcassets */,
				09F2568C19F45959005E7858 /* LaunchScreen.xib */,
				09F2568119F45959005E7858 /* Supporting Files */,
			);
			path = SlotMachine;
			sourceTree = "<group>";
		};
		09F2568119F45959005E7858 /* Supporting Files */ = {
			isa = PBXGroup;
			children = (
				09F2568219F45959005E7858 /* Info.plist */,
			);
			name = "Supporting Files";
			sourceTree = "<group>";
		};
		09F2569619F4595A005E7858 /* SlotMachineTests */ = {
			isa = PBXGroup;
			children = (
				09F2569919F4595A005E7858 /* SlotMachineTests.swift */,
				09F2569719F4595A005E7858 /* Supporting Files */,
			);
			path = SlotMachineTests;
			sourceTree = "<group>";
		};
		09F2569719F4595A005E7858 /* Supporting Files */ = {
			isa = PBXGroup;
			children = (
				09F2569819F4595A005E7858 /* Info.plist */,
			);
			name = "Supporting Files";
			sourceTree = "<group>";
		};
/* End PBXGroup section */

/* Begin PBXNativeTarget section */
		09F2567D19F45959005E7858 /* SlotMachine */ = {
			isa = PBXNativeTarget;
			buildConfigurationList = 09F2569D19F4595A005E7858 /* Build configuration list for PBXNativeTarget "SlotMachine" */;
			buildPhases = (
				09F2567A19F45959005E7858 /* Sources */,
				09F2567B19F45959005E7858 /* Frameworks */,
				09F2567C19F45959005E7858 /* Resources */,
			);
			buildRules = (
			);
			dependencies = (
			);
			name = SlotMachine;
			productName = SlotMachine;
			productReference = 09F2567E19F45959005E7858 /* SlotMachine.app */;
			productType = "com.apple.product-type.application";
		};
		09F2569219F4595A005E7858 /* SlotMachineTests */ = {
			isa = PBXNativeTarget;
			buildConfigurationList = 09F256A019F4595A005E7858 /* Build configuration list for PBXNativeTarget "SlotMachineTests" */;
			buildPhases = (
				09F2568F19F4595A005E7858 /* Sources */,
				09F2569019F4595A005E7858 /* Frameworks */,
				09F2569119F4595A005E7858 /* Resources */,
			);
			buildRules = (
			);
			dependencies = (
				09F2569519F4595A005E7858 /* PBXTargetDependency */,
			);
			name = SlotMachineTests;
			productName = SlotMachineTests;
			productReference = 09F2569319F4595A005E7858 /* SlotMachineTests.xctest */;
			productType = "com.apple.product-type.bundle.unit-test";
		};
/* End PBXNativeTarget section */

/* Begin PBXProject section */
		09F2567619F45959005E7858 /* Project object */ = {
			isa = PBXProject;
			attributes = {
				LastUpgradeCheck = 0610;
				ORGANIZATIONNAME = Ilya;
				TargetAttributes = {
					09F2567D19F45959005E7858 = {
						CreatedOnToolsVersion = 6.1;
					};
					09F2569219F4595A005E7858 = {
						CreatedOnToolsVersion = 6.1;
						TestTargetID = 09F2567D19F45959005E7858;
					};
				};
			};
			buildConfigurationList = 09F2567919F45959005E7858 /* Build configuration list for PBXProject "SlotMachine" */;
			compatibilityVersion = "Xcode 3.2";
			developmentRegion = English;
			hasScannedForEncodings = 0;
			knownRegions = (
				en,
				Base,
			);
			mainGroup = 09F2567519F45959005E7858;
			productRefGroup = 09F2567F19F45959005E7858 /* Products */;
			projectDirPath = "";
			projectRoot = "";
			targets = (
				09F2567D19F45959005E7858 /* SlotMachine */,
				09F2569219F4595A005E7858 /* SlotMachineTests */,
			);
		};
/* End PBXProject section */

/* Begin PBXResourcesBuildPhase section */
		09F2567C19F45959005E7858 /* Resources */ = {
			isa = PBXResourcesBuildPhase;
			buildActionMask = 2147483647;
			files = (
				09F2568919F45959005E7858 /* Main.storyboard in Resources */,
				09F2568E19F45959005E7858 /* LaunchScreen.xib in Resources */,
				09F2568B19F45959005E7858 /* Images.xcassets in Resources */,
			);
			runOnlyForDeploymentPostprocessing = 0;
		};
		09F2569119F4595A005E7858 /* Resources */ = {
			isa = PBXResourcesBuildPhase;
			buildActionMask = 2147483647;
			files = (
			);
			runOnlyForDeploymentPostprocessing = 0;
		};
/* End PBXResourcesBuildPhase section */

/* Begin PBXSourcesBuildPhase section */
		09F2567A19F45959005E7858 /* Sources */ = {
			isa = PBXSourcesBuildPhase;
			buildActionMask = 2147483647;
			files = (
				093DD2CF19F4D71C008E147E /* Factory.swift in Sources */,
				09F2568619F45959005E7858 /* ViewController.swift in Sources */,
				093DD2CD19F4D6C1008E147E /* Slot.swift in Sources */,
				09F2568419F45959005E7858 /* AppDelegate.swift in Sources */,
				0922EB7C19F8AFAE005EA7C3 /* SlotBrain.swift in Sources */,
			);
			runOnlyForDeploymentPostprocessing = 0;
		};
		09F2568F19F4595A005E7858 /* Sources */ = {
			isa = PBXSourcesBuildPhase;
			buildActionMask = 2147483647;
			files = (
				09F2569A19F4595A005E7858 /* SlotMachineTests.swift in Sources */,
			);
			runOnlyForDeploymentPostprocessing = 0;
		};
/* End PBXSourcesBuildPhase section */

/* Begin PBXTargetDependency section */
		09F2569519F4595A005E7858 /* PBXTargetDependency */ = {
			isa = PBXTargetDependency;
			target = 09F2567D19F45959005E7858 /* SlotMachine */;
			targetProxy = 09F2569419F4595A005E7858 /* PBXContainerItemProxy */;
		};
/* End PBXTargetDependency section */

/* Begin PBXVariantGroup section */
		09F2568719F45959005E7858 /* Main.storyboard */ = {
			isa = PBXVariantGroup;
			children = (
				09F2568819F45959005E7858 /* Base */,
			);
			name = Main.storyboard;
			sourceTree = "<group>";
		};
		09F2568C19F45959005E7858 /* LaunchScreen.xib */ = {
			isa = PBXVariantGroup;
			children = (
				09F2568D19F45959005E7858 /* Base */,
			);
			name = LaunchScreen.xib;
			sourceTree = "<group>";
		};
/* End PBXVariantGroup section */

/* Begin XCBuildConfiguration section */
		09F2569B19F4595A005E7858 /* Debug */ = {
			isa = XCBuildConfiguration;
			buildSettings = {
				ALWAYS_SEARCH_USER_PATHS = NO;
				CLANG_CXX_LANGUAGE_STANDARD = "gnu++0x";
				CLANG_CXX_LIBRARY = "libc++";
				CLANG_ENABLE_MODULES = YES;
				CLANG_ENABLE_OBJC_ARC = YES;
				CLANG_WARN_BOOL_CONVERSION = YES;
				CLANG_WARN_CONSTANT_CONVERSION = YES;
				CLANG_WARN_DIRECT_OBJC_ISA_USAGE = YES_ERROR;
				CLANG_WARN_EMPTY_BODY = YES;
				CLANG_WARN_ENUM_CONVERSION = YES;
				CLANG_WARN_INT_CONVERSION = YES;
				CLANG_WARN_OBJC_ROOT_CLASS = YES_ERROR;
				CLANG_WARN_UNREACHABLE_CODE = YES;
				CLANG_WARN__DUPLICATE_METHOD_MATCH = YES;
				"CODE_SIGN_IDENTITY[sdk=iphoneos*]" = "iPhone Developer";
				COPY_PHASE_STRIP = NO;
				ENABLE_STRICT_OBJC_MSGSEND = YES;
				GCC_C_LANGUAGE_STANDARD = gnu99;
				GCC_DYNAMIC_NO_PIC = NO;
				GCC_OPTIMIZATION_LEVEL = 0;
				GCC_PREPROCESSOR_DEFINITIONS = (
					"DEBUG=1",
					"$(inherited)",
				);
				GCC_SYMBOLS_PRIVATE_EXTERN = NO;
				GCC_WARN_64_TO_32_BIT_CONVERSION = YES;
				GCC_WARN_ABOUT_RETURN_TYPE = YES_ERROR;
				GCC_WARN_UNDECLARED_SELECTOR = YES;
				GCC_WARN_UNINITIALIZED_AUTOS = YES_AGGRESSIVE;
				GCC_WARN_UNUSED_FUNCTION = YES;
				GCC_WARN_UNUSED_VARIABLE = YES;
				IPHONEOS_DEPLOYMENT_TARGET = 8.0;
				MTL_ENABLE_DEBUG_INFO = YES;
				ONLY_ACTIVE_ARCH = YES;
				SDKROOT = iphoneos;
				SWIFT_OPTIMIZATION_LEVEL = "-Onone";
				TARGETED_DEVICE_FAMILY = "1,2";
			};
			name = Debug;
		};
		09F2569C19F4595A005E7858 /* Release */ = {
			isa = XCBuildConfiguration;
			buildSettings = {
				ALWAYS_SEARCH_USER_PATHS = NO;
				CLANG_CXX_LANGUAGE_STANDARD = "gnu++0x";
				CLANG_CXX_LIBRARY = "libc++";
				CLANG_ENABLE_MODULES = YES;
				CLANG_ENABLE_OBJC_ARC = YES;
				CLANG_WARN_BOOL_CONVERSION = YES;
				CLANG_WARN_CONSTANT_CONVERSION = YES;
				CLANG_WARN_DIRECT_OBJC_ISA_USAGE = YES_ERROR;
				CLANG_WARN_EMPTY_BODY = YES;
				CLANG_WARN_ENUM_CONVERSION = YES;
				CLANG_WARN_INT_CONVERSION = YES;
				CLANG_WARN_OBJC_ROOT_CLASS = YES_ERROR;
				CLANG_WARN_UNREACHABLE_CODE = YES;
				CLANG_WARN__DUPLICATE_METHOD_MATCH = YES;
				"CODE_SIGN_IDENTITY[sdk=iphoneos*]" = "iPhone Developer";
				COPY_PHASE_STRIP = YES;
				ENABLE_NS_ASSERTIONS = NO;
				ENABLE_STRICT_OBJC_MSGSEND = YES;
				GCC_C_LANGUAGE_STANDARD = gnu99;
				GCC_WARN_64_TO_32_BIT_CONVERSION = YES;
				GCC_WARN_ABOUT_RETURN_TYPE = YES_ERROR;
				GCC_WARN_UNDECLARED_SELECTOR = YES;
				GCC_WARN_UNINITIALIZED_AUTOS = YES_AGGRESSIVE;
				GCC_WARN_UNUSED_FUNCTION = YES;
				GCC_WARN_UNUSED_VARIABLE = YES;
				IPHONEOS_DEPLOYMENT_TARGET = 8.0;
				MTL_ENABLE_DEBUG_INFO = NO;
				SDKROOT = iphoneos;
				TARGETED_DEVICE_FAMILY = "1,2";
				VALIDATE_PRODUCT = YES;
			};
			name = Release;
		};
		09F2569E19F4595A005E7858 /* Debug */ = {
			isa = XCBuildConfiguration;
			buildSettings = {
				ASSETCATALOG_COMPILER_APPICON_NAME = AppIcon;
				INFOPLIST_FILE = SlotMachine/Info.plist;
				LD_RUNPATH_SEARCH_PATHS = "$(inherited) @executable_path/Frameworks";
				PRODUCT_NAME = "$(TARGET_NAME)";
			};
			name = Debug;
		};
		09F2569F19F4595A005E7858 /* Release */ = {
			isa = XCBuildConfiguration;
			buildSettings = {
				ASSETCATALOG_COMPILER_APPICON_NAME = AppIcon;
				INFOPLIST_FILE = SlotMachine/Info.plist;
				LD_RUNPATH_SEARCH_PATHS = "$(inherited) @executable_path/Frameworks";
				PRODUCT_NAME = "$(TARGET_NAME)";
			};
			name = Release;
		};
		09F256A119F4595A005E7858 /* Debug */ = {
			isa = XCBuildConfiguration;
			buildSettings = {
				BUNDLE_LOADER = "$(TEST_HOST)";
				FRAMEWORK_SEARCH_PATHS = (
					"$(SDKROOT)/Developer/Library/Frameworks",
					"$(inherited)",
				);
				GCC_PREPROCESSOR_DEFINITIONS = (
					"DEBUG=1",
					"$(inherited)",
				);
				INFOPLIST_FILE = SlotMachineTests/Info.plist;
				LD_RUNPATH_SEARCH_PATHS = "$(inherited) @executable_path/Frameworks @loader_path/Frameworks";
				PRODUCT_NAME = "$(TARGET_NAME)";
				TEST_HOST = "$(BUILT_PRODUCTS_DIR)/SlotMachine.app/SlotMachine";
			};
			name = Debug;
		};
		09F256A219F4595A005E7858 /* Release */ = {
			isa = XCBuildConfiguration;
			buildSettings = {
				BUNDLE_LOADER = "$(TEST_HOST)";
				FRAMEWORK_SEARCH_PATHS = (
					"$(SDKROOT)/Developer/Library/Frameworks",
					"$(inherited)",
				);
				INFOPLIST_FILE = SlotMachineTests/Info.plist;
				LD_RUNPATH_SEARCH_PATHS = "$(inherited) @executable_path/Frameworks @loader_path/Frameworks";
				PRODUCT_NAME = "$(TARGET_NAME)";
				TEST_HOST = "$(BUILT_PRODUCTS_DIR)/SlotMachine.app/SlotMachine";
			};
			name = Release;
		};
/* End XCBuildConfiguration section */

/* Begin XCConfigurationList section */
		09F2567919F45959005E7858 /* Build configuration list for PBXProject "SlotMachine" */ = {
			isa = XCConfigurationList;
			buildConfigurations = (
				09F2569B19F4595A005E7858 /* Debug */,
				09F2569C19F4595A005E7858 /* Release */,
			);
			defaultConfigurationIsVisible = 0;
			defaultConfigurationName = Release;
		};
		09F2569D19F4595A005E7858 /* Build configuration list for PBXNativeTarget "SlotMachine" */ = {
			isa = XCConfigurationList;
			buildConfigurations = (
				09F2569E19F4595A005E7858 /* Debug */,
				09F2569F19F4595A005E7858 /* Release */,
			);
			defaultConfigurationIsVisible = 0;
			defaultConfigurationName = Release;
		};
		09F256A019F4595A005E7858 /* Build configuration list for PBXNativeTarget "SlotMachineTests" */ = {
			isa = XCConfigurationList;
			buildConfigurations = (
				09F256A119F4595A005E7858 /* Debug */,
				09F256A219F4595A005E7858 /* Release */,
			);
			defaultConfigurationIsVisible = 0;
			defaultConfigurationName = Release;
		};
/* End XCConfigurationList section */
	};
	rootObject = 09F2567619F45959005E7858 /* Project object */;
}
